// !$*UTF8*$!
{
	archiveVersion = 1;
	classes = {
	};
	objectVersion = 46;
	objects = {

/* Begin PBXBuildFile section */
		3FFB44F119BD52230022A097 /* main.m in Sources */ = {isa = PBXBuildFile; fileRef = 3FFB44F019BD52230022A097 /* main.m */; };
		3FFB44F419BD52230022A097 /* AppDelegate.m in Sources */ = {isa = PBXBuildFile; fileRef = 3FFB44F319BD52230022A097 /* AppDelegate.m */; };
		3FFB44FD19BD52230022A097 /* Main.storyboard in Resources */ = {isa = PBXBuildFile; fileRef = 3FFB44FB19BD52230022A097 /* Main.storyboard */; };
		3FFB44FF19BD52230022A097 /* Images.xcassets in Resources */ = {isa = PBXBuildFile; fileRef = 3FFB44FE19BD52230022A097 /* Images.xcassets */; };
		3FFB450B19BD52230022A097 /* BookBracketTests.m in Sources */ = {isa = PBXBuildFile; fileRef = 3FFB450A19BD52230022A097 /* BookBracketTests.m */; };
		3FFB451819BE8C1B0022A097 /* Model.m in Sources */ = {isa = PBXBuildFile; fileRef = 3FFB451719BE8C1B0022A097 /* Model.m */; };
		3FFB451C19BE8C310022A097 /* Book.m in Sources */ = {isa = PBXBuildFile; fileRef = 3FFB451B19BE8C310022A097 /* Book.m */; };
		3FFB451F19BE906F0022A097 /* GoodreadsAPI.m in Sources */ = {isa = PBXBuildFile; fileRef = 3FFB451E19BE906F0022A097 /* GoodreadsAPI.m */; };
		3FFB452219BE994B0022A097 /* BooksViewController.m in Sources */ = {isa = PBXBuildFile; fileRef = 3FFB452119BE994B0022A097 /* BooksViewController.m */; };
		3FFB452519BE99590022A097 /* BracketViewController.m in Sources */ = {isa = PBXBuildFile; fileRef = 3FFB452419BE99590022A097 /* BracketViewController.m */; };
		3FFB452819BE9D940022A097 /* BookTableViewCell.m in Sources */ = {isa = PBXBuildFile; fileRef = 3FFB452719BE9D940022A097 /* BookTableViewCell.m */; };
		3FFB452B19BE9DAF0022A097 /* BookViewController.m in Sources */ = {isa = PBXBuildFile; fileRef = 3FFB452A19BE9DAF0022A097 /* BookViewController.m */; };
/* End PBXBuildFile section */

/* Begin PBXContainerItemProxy section */
		3FFB450519BD52230022A097 /* PBXContainerItemProxy */ = {
			isa = PBXContainerItemProxy;
			containerPortal = 3FFB44E319BD52230022A097 /* Project object */;
			proxyType = 1;
			remoteGlobalIDString = 3FFB44EA19BD52230022A097;
			remoteInfo = BookBracket;
		};
/* End PBXContainerItemProxy section */

/* Begin PBXFileReference section */
		3FFB44EB19BD52230022A097 /* BookBracket.app */ = {isa = PBXFileReference; explicitFileType = wrapper.application; includeInIndex = 0; path = BookBracket.app; sourceTree = BUILT_PRODUCTS_DIR; };
		3FFB44EF19BD52230022A097 /* Info.plist */ = {isa = PBXFileReference; lastKnownFileType = text.plist.xml; path = Info.plist; sourceTree = "<group>"; };
		3FFB44F019BD52230022A097 /* main.m */ = {isa = PBXFileReference; lastKnownFileType = sourcecode.c.objc; path = main.m; sourceTree = "<group>"; };
		3FFB44F219BD52230022A097 /* AppDelegate.h */ = {isa = PBXFileReference; lastKnownFileType = sourcecode.c.h; path = AppDelegate.h; sourceTree = "<group>"; };
		3FFB44F319BD52230022A097 /* AppDelegate.m */ = {isa = PBXFileReference; lastKnownFileType = sourcecode.c.objc; path = AppDelegate.m; sourceTree = "<group>"; };
		3FFB44FC19BD52230022A097 /* Base */ = {isa = PBXFileReference; lastKnownFileType = file.storyboard; name = Base; path = Base.lproj/Main.storyboard; sourceTree = "<group>"; };
		3FFB44FE19BD52230022A097 /* Images.xcassets */ = {isa = PBXFileReference; lastKnownFileType = folder.assetcatalog; path = Images.xcassets; sourceTree = "<group>"; };
		3FFB450419BD52230022A097 /* BookBracketTests.xctest */ = {isa = PBXFileReference; explicitFileType = wrapper.cfbundle; includeInIndex = 0; path = BookBracketTests.xctest; sourceTree = BUILT_PRODUCTS_DIR; };
		3FFB450919BD52230022A097 /* Info.plist */ = {isa = PBXFileReference; lastKnownFileType = text.plist.xml; path = Info.plist; sourceTree = "<group>"; };
		3FFB450A19BD52230022A097 /* BookBracketTests.m */ = {isa = PBXFileReference; lastKnownFileType = sourcecode.c.objc; path = BookBracketTests.m; sourceTree = "<group>"; };
		3FFB451419BD527F0022A097 /* Keys.h */ = {isa = PBXFileReference; fileEncoding = 4; lastKnownFileType = sourcecode.c.h; path = Keys.h; sourceTree = "<group>"; };
		3FFB451519BD573C0022A097 /* Constants.h */ = {isa = PBXFileReference; fileEncoding = 4; lastKnownFileType = sourcecode.c.h; path = Constants.h; sourceTree = "<group>"; };
		3FFB451619BE8C1B0022A097 /* Model.h */ = {isa = PBXFileReference; fileEncoding = 4; lastKnownFileType = sourcecode.c.h; path = Model.h; sourceTree = "<group>"; };
		3FFB451719BE8C1B0022A097 /* Model.m */ = {isa = PBXFileReference; fileEncoding = 4; lastKnownFileType = sourcecode.c.objc; path = Model.m; sourceTree = "<group>"; };
		3FFB451A19BE8C310022A097 /* Book.h */ = {isa = PBXFileReference; fileEncoding = 4; lastKnownFileType = sourcecode.c.h; path = Book.h; sourceTree = "<group>"; };
		3FFB451B19BE8C310022A097 /* Book.m */ = {isa = PBXFileReference; fileEncoding = 4; lastKnownFileType = sourcecode.c.objc; path = Book.m; sourceTree = "<group>"; };
		3FFB451D19BE906F0022A097 /* GoodreadsAPI.h */ = {isa = PBXFileReference; fileEncoding = 4; lastKnownFileType = sourcecode.c.h; path = GoodreadsAPI.h; sourceTree = "<group>"; };
		3FFB451E19BE906F0022A097 /* GoodreadsAPI.m */ = {isa = PBXFileReference; fileEncoding = 4; lastKnownFileType = sourcecode.c.objc; path = GoodreadsAPI.m; sourceTree = "<group>"; };
		3FFB452019BE994B0022A097 /* BooksViewController.h */ = {isa = PBXFileReference; fileEncoding = 4; lastKnownFileType = sourcecode.c.h; path = BooksViewController.h; sourceTree = "<group>"; };
		3FFB452119BE994B0022A097 /* BooksViewController.m */ = {isa = PBXFileReference; fileEncoding = 4; lastKnownFileType = sourcecode.c.objc; path = BooksViewController.m; sourceTree = "<group>"; };
		3FFB452319BE99590022A097 /* BracketViewController.h */ = {isa = PBXFileReference; fileEncoding = 4; lastKnownFileType = sourcecode.c.h; path = BracketViewController.h; sourceTree = "<group>"; };
		3FFB452419BE99590022A097 /* BracketViewController.m */ = {isa = PBXFileReference; fileEncoding = 4; lastKnownFileType = sourcecode.c.objc; path = BracketViewController.m; sourceTree = "<group>"; };
		3FFB452619BE9D940022A097 /* BookTableViewCell.h */ = {isa = PBXFileReference; fileEncoding = 4; lastKnownFileType = sourcecode.c.h; path = BookTableViewCell.h; sourceTree = "<group>"; };
		3FFB452719BE9D940022A097 /* BookTableViewCell.m */ = {isa = PBXFileReference; fileEncoding = 4; lastKnownFileType = sourcecode.c.objc; path = BookTableViewCell.m; sourceTree = "<group>"; };
		3FFB452919BE9DAF0022A097 /* BookViewController.h */ = {isa = PBXFileReference; fileEncoding = 4; lastKnownFileType = sourcecode.c.h; path = BookViewController.h; sourceTree = "<group>"; };
		3FFB452A19BE9DAF0022A097 /* BookViewController.m */ = {isa = PBXFileReference; fileEncoding = 4; lastKnownFileType = sourcecode.c.objc; path = BookViewController.m; sourceTree = "<group>"; };
/* End PBXFileReference section */

/* Begin PBXFrameworksBuildPhase section */
		3FFB44E819BD52230022A097 /* Frameworks */ = {
			isa = PBXFrameworksBuildPhase;
			buildActionMask = 2147483647;
			files = (
			);
			runOnlyForDeploymentPostprocessing = 0;
		};
		3FFB450119BD52230022A097 /* Frameworks */ = {
			isa = PBXFrameworksBuildPhase;
			buildActionMask = 2147483647;
			files = (
			);
			runOnlyForDeploymentPostprocessing = 0;
		};
/* End PBXFrameworksBuildPhase section */

/* Begin PBXGroup section */
		3FFB44E219BD52230022A097 = {
			isa = PBXGroup;
			children = (
				3FFB44ED19BD52230022A097 /* BookBracket */,
				3FFB450719BD52230022A097 /* BookBracketTests */,
				3FFB44EC19BD52230022A097 /* Products */,
			);
			sourceTree = "<group>";
		};
		3FFB44EC19BD52230022A097 /* Products */ = {
			isa = PBXGroup;
			children = (
				3FFB44EB19BD52230022A097 /* BookBracket.app */,
				3FFB450419BD52230022A097 /* BookBracketTests.xctest */,
			);
			name = Products;
			sourceTree = "<group>";
		};
		3FFB44ED19BD52230022A097 /* BookBracket */ = {
			isa = PBXGroup;
			children = (
				3FFB451419BD527F0022A097 /* Keys.h */,
				3FFB451519BD573C0022A097 /* Constants.h */,
				3FFB44F219BD52230022A097 /* AppDelegate.h */,
				3FFB44F319BD52230022A097 /* AppDelegate.m */,
				3FFB452019BE994B0022A097 /* BooksViewController.h */,
				3FFB452119BE994B0022A097 /* BooksViewController.m */,
				3FFB452619BE9D940022A097 /* BookTableViewCell.h */,
				3FFB452719BE9D940022A097 /* BookTableViewCell.m */,
				3FFB452319BE99590022A097 /* BracketViewController.h */,
				3FFB452419BE99590022A097 /* BracketViewController.m */,
				3FFB452919BE9DAF0022A097 /* BookViewController.h */,
				3FFB452A19BE9DAF0022A097 /* BookViewController.m */,
				3FFB451919BE8C1F0022A097 /* Model */,
				3FFB44FB19BD52230022A097 /* Main.storyboard */,
				3FFB44FE19BD52230022A097 /* Images.xcassets */,
				3FFB44EE19BD52230022A097 /* Supporting Files */,
			);
			path = BookBracket;
			sourceTree = "<group>";
		};
		3FFB44EE19BD52230022A097 /* Supporting Files */ = {
			isa = PBXGroup;
			children = (
				3FFB44EF19BD52230022A097 /* Info.plist */,
				3FFB44F019BD52230022A097 /* main.m */,
			);
			name = "Supporting Files";
			sourceTree = "<group>";
		};
		3FFB450719BD52230022A097 /* BookBracketTests */ = {
			isa = PBXGroup;
			children = (
				3FFB450A19BD52230022A097 /* BookBracketTests.m */,
				3FFB450819BD52230022A097 /* Supporting Files */,
			);
			path = BookBracketTests;
			sourceTree = "<group>";
		};
		3FFB450819BD52230022A097 /* Supporting Files */ = {
			isa = PBXGroup;
			children = (
				3FFB450919BD52230022A097 /* Info.plist */,
			);
			name = "Supporting Files";
			sourceTree = "<group>";
		};
		3FFB451919BE8C1F0022A097 /* Model */ = {
			isa = PBXGroup;
			children = (
				3FFB451D19BE906F0022A097 /* GoodreadsAPI.h */,
				3FFB451E19BE906F0022A097 /* GoodreadsAPI.m */,
				3FFB451619BE8C1B0022A097 /* Model.h */,
				3FFB451719BE8C1B0022A097 /* Model.m */,
				3FFB451A19BE8C310022A097 /* Book.h */,
				3FFB451B19BE8C310022A097 /* Book.m */,
			);
			name = Model;
			sourceTree = "<group>";
		};
/* End PBXGroup section */

/* Begin PBXNativeTarget section */
		3FFB44EA19BD52230022A097 /* BookBracket */ = {
			isa = PBXNativeTarget;
			buildConfigurationList = 3FFB450E19BD52230022A097 /* Build configuration list for PBXNativeTarget "BookBracket" */;
			buildPhases = (
				3FFB44E719BD52230022A097 /* Sources */,
				3FFB44E819BD52230022A097 /* Frameworks */,
				3FFB44E919BD52230022A097 /* Resources */,
			);
			buildRules = (
			);
			dependencies = (
			);
			name = BookBracket;
			productName = BookBracket;
			productReference = 3FFB44EB19BD52230022A097 /* BookBracket.app */;
			productType = "com.apple.product-type.application";
		};
		3FFB450319BD52230022A097 /* BookBracketTests */ = {
			isa = PBXNativeTarget;
			buildConfigurationList = 3FFB451119BD52230022A097 /* Build configuration list for PBXNativeTarget "BookBracketTests" */;
			buildPhases = (
				3FFB450019BD52230022A097 /* Sources */,
				3FFB450119BD52230022A097 /* Frameworks */,
				3FFB450219BD52230022A097 /* Resources */,
			);
			buildRules = (
			);
			dependencies = (
				3FFB450619BD52230022A097 /* PBXTargetDependency */,
			);
			name = BookBracketTests;
			productName = BookBracketTests;
			productReference = 3FFB450419BD52230022A097 /* BookBracketTests.xctest */;
			productType = "com.apple.product-type.bundle.unit-test";
		};
/* End PBXNativeTarget section */

/* Begin PBXProject section */
		3FFB44E319BD52230022A097 /* Project object */ = {
			isa = PBXProject;
			attributes = {
				LastUpgradeCheck = 0600;
				ORGANIZATIONNAME = "Bennett Lin";
				TargetAttributes = {
					3FFB44EA19BD52230022A097 = {
						CreatedOnToolsVersion = 6.0;
					};
					3FFB450319BD52230022A097 = {
						CreatedOnToolsVersion = 6.0;
						TestTargetID = 3FFB44EA19BD52230022A097;
					};
				};
			};
			buildConfigurationList = 3FFB44E619BD52230022A097 /* Build configuration list for PBXProject "BookBracket" */;
			compatibilityVersion = "Xcode 3.2";
			developmentRegion = English;
			hasScannedForEncodings = 0;
			knownRegions = (
				en,
				Base,
			);
			mainGroup = 3FFB44E219BD52230022A097;
			productRefGroup = 3FFB44EC19BD52230022A097 /* Products */;
			projectDirPath = "";
			projectRoot = "";
			targets = (
				3FFB44EA19BD52230022A097 /* BookBracket */,
				3FFB450319BD52230022A097 /* BookBracketTests */,
			);
		};
/* End PBXProject section */

/* Begin PBXResourcesBuildPhase section */
		3FFB44E919BD52230022A097 /* Resources */ = {
			isa = PBXResourcesBuildPhase;
			buildActionMask = 2147483647;
			files = (
				3FFB44FD19BD52230022A097 /* Main.storyboard in Resources */,
				3FFB44FF19BD52230022A097 /* Images.xcassets in Resources */,
			);
			runOnlyForDeploymentPostprocessing = 0;
		};
		3FFB450219BD52230022A097 /* Resources */ = {
			isa = PBXResourcesBuildPhase;
			buildActionMask = 2147483647;
			files = (
			);
			runOnlyForDeploymentPostprocessing = 0;
		};
/* End PBXResourcesBuildPhase section */

/* Begin PBXSourcesBuildPhase section */
		3FFB44E719BD52230022A097 /* Sources */ = {
			isa = PBXSourcesBuildPhase;
			buildActionMask = 2147483647;
			files = (
				3FFB452B19BE9DAF0022A097 /* BookViewController.m in Sources */,
				3FFB44F419BD52230022A097 /* AppDelegate.m in Sources */,
				3FFB452219BE994B0022A097 /* BooksViewController.m in Sources */,
				3FFB44F119BD52230022A097 /* main.m in Sources */,
				3FFB452519BE99590022A097 /* BracketViewController.m in Sources */,
				3FFB452819BE9D940022A097 /* BookTableViewCell.m in Sources */,
				3FFB451C19BE8C310022A097 /* Book.m in Sources */,
				3FFB451F19BE906F0022A097 /* GoodreadsAPI.m in Sources */,
				3FFB451819BE8C1B0022A097 /* Model.m in Sources */,
			);
			runOnlyForDeploymentPostprocessing = 0;
		};
		3FFB450019BD52230022A097 /* Sources */ = {
			isa = PBXSourcesBuildPhase;
			buildActionMask = 2147483647;
			files = (
				3FFB450B19BD52230022A097 /* BookBracketTests.m in Sources */,
			);
			runOnlyForDeploymentPostprocessing = 0;
		};
/* End PBXSourcesBuildPhase section */

/* Begin PBXTargetDependency section */
		3FFB450619BD52230022A097 /* PBXTargetDependency */ = {
			isa = PBXTargetDependency;
			target = 3FFB44EA19BD52230022A097 /* BookBracket */;
			targetProxy = 3FFB450519BD52230022A097 /* PBXContainerItemProxy */;
		};
/* End PBXTargetDependency section */

/* Begin PBXVariantGroup section */
		3FFB44FB19BD52230022A097 /* Main.storyboard */ = {
			isa = PBXVariantGroup;
			children = (
				3FFB44FC19BD52230022A097 /* Base */,
			);
			name = Main.storyboard;
			sourceTree = "<group>";
		};
/* End PBXVariantGroup section */

/* Begin XCBuildConfiguration section */
		3FFB450C19BD52230022A097 /* Debug */ = {
			isa = XCBuildConfiguration;
			buildSettings = {
				ALWAYS_SEARCH_USER_PATHS = NO;
				CLANG_CXX_LANGUAGE_STANDARD = "gnu++0x";
				CLANG_CXX_LIBRARY = "libc++";
				CLANG_ENABLE_MODULES = YES;
				CLANG_ENABLE_OBJC_ARC = YES;
				CLANG_WARN_BOOL_CONVERSION = YES;
				CLANG_WARN_CONSTANT_CONVERSION = YES;
				CLANG_WARN_DIRECT_OBJC_ISA_USAGE = YES_ERROR;
				CLANG_WARN_EMPTY_BODY = YES;
				CLANG_WARN_ENUM_CONVERSION = YES;
				CLANG_WARN_INT_CONVERSION = YES;
				CLANG_WARN_OBJC_ROOT_CLASS = YES_ERROR;
				CLANG_WARN_UNREACHABLE_CODE = YES;
				CLANG_WARN__DUPLICATE_METHOD_MATCH = YES;
				"CODE_SIGN_IDENTITY[sdk=iphoneos*]" = "iPhone Developer";
				COPY_PHASE_STRIP = NO;
				ENABLE_STRICT_OBJC_MSGSEND = YES;
				GCC_C_LANGUAGE_STANDARD = gnu99;
				GCC_DYNAMIC_NO_PIC = NO;
				GCC_OPTIMIZATION_LEVEL = 0;
				GCC_PREPROCESSOR_DEFINITIONS = (
					"DEBUG=1",
					"$(inherited)",
				);
				GCC_SYMBOLS_PRIVATE_EXTERN = NO;
				GCC_WARN_64_TO_32_BIT_CONVERSION = YES;
				GCC_WARN_ABOUT_RETURN_TYPE = YES_ERROR;
				GCC_WARN_UNDECLARED_SELECTOR = YES;
				GCC_WARN_UNINITIALIZED_AUTOS = YES_AGGRESSIVE;
				GCC_WARN_UNUSED_FUNCTION = YES;
				GCC_WARN_UNUSED_VARIABLE = YES;
				IPHONEOS_DEPLOYMENT_TARGET = 7.1;
				MTL_ENABLE_DEBUG_INFO = YES;
				ONLY_ACTIVE_ARCH = YES;
				SDKROOT = iphoneos;
				TARGETED_DEVICE_FAMILY = "1,2";
			};
			name = Debug;
		};
		3FFB450D19BD52230022A097 /* Release */ = {
			isa = XCBuildConfiguration;
			buildSettings = {
				ALWAYS_SEARCH_USER_PATHS = NO;
				CLANG_CXX_LANGUAGE_STANDARD = "gnu++0x";
				CLANG_CXX_LIBRARY = "libc++";
				CLANG_ENABLE_MODULES = YES;
				CLANG_ENABLE_OBJC_ARC = YES;
				CLANG_WARN_BOOL_CONVERSION = YES;
				CLANG_WARN_CONSTANT_CONVERSION = YES;
				CLANG_WARN_DIRECT_OBJC_ISA_USAGE = YES_ERROR;
				CLANG_WARN_EMPTY_BODY = YES;
				CLANG_WARN_ENUM_CONVERSION = YES;
				CLANG_WARN_INT_CONVERSION = YES;
				CLANG_WARN_OBJC_ROOT_CLASS = YES_ERROR;
				CLANG_WARN_UNREACHABLE_CODE = YES;
				CLANG_WARN__DUPLICATE_METHOD_MATCH = YES;
				"CODE_SIGN_IDENTITY[sdk=iphoneos*]" = "iPhone Developer";
				COPY_PHASE_STRIP = YES;
				ENABLE_NS_ASSERTIONS = NO;
				ENABLE_STRICT_OBJC_MSGSEND = YES;
				GCC_C_LANGUAGE_STANDARD = gnu99;
				GCC_WARN_64_TO_32_BIT_CONVERSION = YES;
				GCC_WARN_ABOUT_RETURN_TYPE = YES_ERROR;
				GCC_WARN_UNDECLARED_SELECTOR = YES;
				GCC_WARN_UNINITIALIZED_AUTOS = YES_AGGRESSIVE;
				GCC_WARN_UNUSED_FUNCTION = YES;
				GCC_WARN_UNUSED_VARIABLE = YES;
				IPHONEOS_DEPLOYMENT_TARGET = 7.1;
				MTL_ENABLE_DEBUG_INFO = NO;
				SDKROOT = iphoneos;
				TARGETED_DEVICE_FAMILY = "1,2";
				VALIDATE_PRODUCT = YES;
			};
			name = Release;
		};
		3FFB450F19BD52230022A097 /* Debug */ = {
			isa = XCBuildConfiguration;
			buildSettings = {
				ASSETCATALOG_COMPILER_APPICON_NAME = AppIcon;
				ASSETCATALOG_COMPILER_LAUNCHIMAGE_NAME = LaunchImage;
				INFOPLIST_FILE = BookBracket/Info.plist;
				LD_RUNPATH_SEARCH_PATHS = "$(inherited) @executable_path/Frameworks";
				PRODUCT_NAME = "$(TARGET_NAME)";
			};
			name = Debug;
		};
		3FFB451019BD52230022A097 /* Release */ = {
			isa = XCBuildConfiguration;
			buildSettings = {
				ASSETCATALOG_COMPILER_APPICON_NAME = AppIcon;
				ASSETCATALOG_COMPILER_LAUNCHIMAGE_NAME = LaunchImage;
				INFOPLIST_FILE = BookBracket/Info.plist;
				LD_RUNPATH_SEARCH_PATHS = "$(inherited) @executable_path/Frameworks";
				PRODUCT_NAME = "$(TARGET_NAME)";
			};
			name = Release;
		};
		3FFB451219BD52230022A097 /* Debug */ = {
			isa = XCBuildConfiguration;
			buildSettings = {
				BUNDLE_LOADER = "$(BUILT_PRODUCTS_DIR)/BookBracket.app/BookBracket";
				FRAMEWORK_SEARCH_PATHS = (
					"$(SDKROOT)/Developer/Library/Frameworks",
					"$(inherited)",
				);
				GCC_PREPROCESSOR_DEFINITIONS = (
					"DEBUG=1",
					"$(inherited)",
				);
				INFOPLIST_FILE = BookBracketTests/Info.plist;
				LD_RUNPATH_SEARCH_PATHS = "$(inherited) @executable_path/Frameworks @loader_path/Frameworks";
				PRODUCT_NAME = "$(TARGET_NAME)";
				TEST_HOST = "$(BUNDLE_LOADER)";
			};
			name = Debug;
		};
		3FFB451319BD52230022A097 /* Release */ = {
			isa = XCBuildConfiguration;
			buildSettings = {
				BUNDLE_LOADER = "$(BUILT_PRODUCTS_DIR)/BookBracket.app/BookBracket";
				FRAMEWORK_SEARCH_PATHS = (
					"$(SDKROOT)/Developer/Library/Frameworks",
					"$(inherited)",
				);
				INFOPLIST_FILE = BookBracketTests/Info.plist;
				LD_RUNPATH_SEARCH_PATHS = "$(inherited) @executable_path/Frameworks @loader_path/Frameworks";
				PRODUCT_NAME = "$(TARGET_NAME)";
				TEST_HOST = "$(BUNDLE_LOADER)";
			};
			name = Release;
		};
/* End XCBuildConfiguration section */

/* Begin XCConfigurationList section */
		3FFB44E619BD52230022A097 /* Build configuration list for PBXProject "BookBracket" */ = {
			isa = XCConfigurationList;
			buildConfigurations = (
				3FFB450C19BD52230022A097 /* Debug */,
				3FFB450D19BD52230022A097 /* Release */,
			);
			defaultConfigurationIsVisible = 0;
			defaultConfigurationName = Release;
		};
		3FFB450E19BD52230022A097 /* Build configuration list for PBXNativeTarget "BookBracket" */ = {
			isa = XCConfigurationList;
			buildConfigurations = (
				3FFB450F19BD52230022A097 /* Debug */,
				3FFB451019BD52230022A097 /* Release */,
			);
			defaultConfigurationIsVisible = 0;
			defaultConfigurationName = Release;
		};
		3FFB451119BD52230022A097 /* Build configuration list for PBXNativeTarget "BookBracketTests" */ = {
			isa = XCConfigurationList;
			buildConfigurations = (
				3FFB451219BD52230022A097 /* Debug */,
				3FFB451319BD52230022A097 /* Release */,
			);
			defaultConfigurationIsVisible = 0;
			defaultConfigurationName = Release;
		};
/* End XCConfigurationList section */
	};
	rootObject = 3FFB44E319BD52230022A097 /* Project object */;
}
